
Microsoft Visual Studio Solution File, Format Version 12.00
# Visual Studio Version 17
VisualStudioVersion = 17.10.34916.146
MinimumVisualStudioVersion = 10.0.40219.1
Project("{FAE04EC0-301F-11D3-BF4B-00C04F79EFBC}") = "TYAP SH", "TYAP SH\TYAP SH.csproj", "{0EF4CF7A-4660-41A7-9593-E32477E107B6}"
EndProject
Global
	GlobalSection(SolutionConfigurationPlatforms) = preSolution
		Debug|Any CPU = Debug|Any CPU
		Release|Any CPU = Release|Any CPU
	EndGlobalSection
	GlobalSection(ProjectConfigurationPlatforms) = postSolution
		{0EF4CF7A-4660-41A7-9593-E32477E107B6}.Debug|Any CPU.ActiveCfg = Debug|Any CPU
		{0EF4CF7A-4660-41A7-9593-E32477E107B6}.Debug|Any CPU.Build.0 = Debug|Any CPU
		{0EF4CF7A-4660-41A7-9593-E32477E107B6}.Release|Any CPU.ActiveCfg = Release|Any CPU
		{0EF4CF7A-4660-41A7-9593-E32477E107B6}.Release|Any CPU.Build.0 = Release|Any CPU
	EndGlobalSection
	GlobalSection(SolutionProperties) = preSolution
		HideSolutionNode = FALSE
	EndGlobalSection
	GlobalSection(ExtensibilityGlobals) = postSolution
		SolutionGuid = {806AF7BC-CA28-468B-9E1A-CF91499151DB}
	EndGlobalSection
EndGlobal
